Microsoft Visual Studio Solution File, Format Version 12.00
# Visual Studio Version 17
VisualStudioVersion = 17.5.2.0
MinimumVisualStudioVersion = 10.0.40219.1
Project("{FAE04EC0-301F-11D3-BF4B-00C04F79EFBC}") = "WordleApi", "WordleApi.csproj", "{C10B26D4-33BD-843A-8B62-2EC66CB46428}"
EndProject
Global
	GlobalSection(SolutionConfigurationPlatforms) = preSolution
		Debug|Any CPU = Debug|Any CPU
		Release|Any CPU = Release|Any CPU
	EndGlobalSection
	GlobalSection(ProjectConfigurationPlatforms) = postSolution
		{C10B26D4-33BD-843A-8B62-2EC66CB46428}.Debug|Any CPU.ActiveCfg = Debug|Any CPU
		{C10B26D4-33BD-843A-8B62-2EC66CB46428}.Debug|Any CPU.Build.0 = Debug|Any CPU
		{C10B26D4-33BD-843A-8B62-2EC66CB46428}.Release|Any CPU.ActiveCfg = Release|Any CPU
		{C10B26D4-33BD-843A-8B62-2EC66CB46428}.Release|Any CPU.Build.0 = Release|Any CPU
	EndGlobalSection
	GlobalSection(SolutionProperties) = preSolution
		HideSolutionNode = FALSE
	EndGlobalSection
	GlobalSection(ExtensibilityGlobals) = postSolution
		SolutionGuid = {BC623351-30A5-45A5-8E32-32F9DFB6F14E}
	EndGlobalSection
EndGlobal
